
Microsoft Visual Studio Solution File, Format Version 9.00
# Visual Studio 2005
Project("{2150E333-8FDC-42A3-9474-1A3956D46DE8}") = "Business", "Business", "{46CBEF55-ADC4-43A9-9D3C-2D33CB344B1D}"
EndProject
Project("{FAE04EC0-301F-11D3-BF4B-00C04F79EFBC}") = "CommonBusiness", "CommonBusiness\CommonBusiness.csproj", "{B1B8CDC4-11AE-4023-850F-D3C49C5B5460}"
EndProject
Project("{FAE04EC0-301F-11D3-BF4B-00C04F79EFBC}") = "Framework", "Framework\Framework.csproj", "{AFE1691B-648F-4867-B24C-717245842B8F}"
EndProject
Project("{2150E333-8FDC-42A3-9474-1A3956D46DE8}") = "Facade", "Facade", "{5DB8479E-62C7-41C2-9A32-60504C14A05A}"
EndProject
Project("{FAE04EC0-301F-11D3-BF4B-00C04F79EFBC}") = "CommonFacade", "CommonFacade\CommonFacade.csproj", "{25880B12-E67E-40B4-B39F-96C1D7B34605}"
EndProject
Project("{2150E333-8FDC-42A3-9474-1A3956D46DE8}") = "WinUI", "WinUI", "{DE607901-F5A5-47AB-90E8-27348BEC93FF}"
EndProject
Project("{FAE04EC0-301F-11D3-BF4B-00C04F79EFBC}") = "Common", "Common\Common.csproj", "{BBB72868-4F5C-42BD-9C27-97BA421F4C7E}"
EndProject
Project("{FAE04EC0-301F-11D3-BF4B-00C04F79EFBC}") = "Card", "Robot\Card.csproj", "{CBC2EA03-6A79-44C7-93ED-1CBB6C948D15}"
EndProject
Project("{FAE04EC0-301F-11D3-BF4B-00C04F79EFBC}") = "FlyWheel1", "FlyWheel1\FlyWheel1.csproj", "{920BEE84-EC68-4AB5-9C1A-53A04747B225}"
EndProject
Project("{FAE04EC0-301F-11D3-BF4B-00C04F79EFBC}") = "FlyWheel1Business", "FlyWheel1Business\FlyWheel1Business.csproj", "{809AC239-E2BB-46FA-B3E4-00A61E9F9CFF}"
EndProject
Project("{FAE04EC0-301F-11D3-BF4B-00C04F79EFBC}") = "FlyWheel1Facade", "FlyWheel1Facade\FlyWheel1Facade.csproj", "{FB52FC3F-9DDA-44A2-A5E7-7AE192327667}"
EndProject
Project("{FAE04EC0-301F-11D3-BF4B-00C04F79EFBC}") = "FlyWheel2", "FlyWheel2\FlyWheel2.csproj", "{14B03F90-0975-460A-B7FC-D87F26D4AAFC}"
EndProject
Project("{FAE04EC0-301F-11D3-BF4B-00C04F79EFBC}") = "FlyWheel2Facade", "FlyWheel2Facade\FlyWheel2Facade.csproj", "{59F4A2D8-ADA6-4E27-9039-D5C7E64D71F6}"
EndProject
Project("{FAE04EC0-301F-11D3-BF4B-00C04F79EFBC}") = "FlyWheel2Business", "FlyWheel2Business\FlyWheel2Business.csproj", "{748E3E0F-767A-4F53-A72E-A644562A46E8}"
EndProject
Project("{FAE04EC0-301F-11D3-BF4B-00C04F79EFBC}") = "FlyWheel3Business", "FlyWheel3Business\FlyWheel3Business.csproj", "{6484329B-447E-4FE0-91B2-AC91CF7DD423}"
EndProject
Project("{FAE04EC0-301F-11D3-BF4B-00C04F79EFBC}") = "FlyWheel4Business", "FlyWheel4Business\FlyWheel4Business.csproj", "{AEC555B3-40D1-4709-A987-B1DE92EB3D8B}"
EndProject
Project("{FAE04EC0-301F-11D3-BF4B-00C04F79EFBC}") = "FlyWheel6Business", "FlyWheel6Business\FlyWheel6Business.csproj", "{52304ECD-5BC4-4AB5-9619-767D448F6571}"
EndProject
Project("{FAE04EC0-301F-11D3-BF4B-00C04F79EFBC}") = "FlyWheel3Facade", "FlyWheel3Facade\FlyWheel3Facade.csproj", "{73A1F4F9-C25A-4308-8441-1EE55481A16B}"
EndProject
Project("{FAE04EC0-301F-11D3-BF4B-00C04F79EFBC}") = "FlyWheel4Facade", "FlyWheel4Facade\FlyWheel4Facade.csproj", "{ABB1EEAB-5185-41DD-A61C-3C73A5B212BA}"
EndProject
Project("{FAE04EC0-301F-11D3-BF4B-00C04F79EFBC}") = "FlyWheel6Facade", "FlyWheel6Facade\FlyWheel6Facade.csproj", "{0DD15694-55DD-443C-BB2A-3D8BE418F3D7}"
EndProject
Project("{FAE04EC0-301F-11D3-BF4B-00C04F79EFBC}") = "FlyWheel3", "FlyWheel3\FlyWheel3.csproj", "{8E4F5ACA-EA2C-404F-B9BD-E448B94D5A87}"
EndProject
Project("{FAE04EC0-301F-11D3-BF4B-00C04F79EFBC}") = "FlyWheel4", "FlyWheel4\FlyWheel4.csproj", "{EA7584B6-4501-4298-AEFB-F692F94D12AB}"
EndProject
Project("{FAE04EC0-301F-11D3-BF4B-00C04F79EFBC}") = "FlyWheel6", "FlyWheel6\FlyWheel6.csproj", "{A4BA82F8-BA14-4EAC-84D8-12777B62D1F5}"
EndProject
Project("{FAE04EC0-301F-11D3-BF4B-00C04F79EFBC}") = "FlyWheel5Business", "FlyWheel5Business\FlyWheel5Business.csproj", "{FF13DF04-A7BC-4B59-923B-82CC6C240CDE}"
EndProject
Project("{FAE04EC0-301F-11D3-BF4B-00C04F79EFBC}") = "FlyWheel5Facade", "FlyWheel5Facade\FlyWheel5Facade.csproj", "{21F015F4-A6D0-4191-9757-5497B34C4206}"
EndProject
Project("{FAE04EC0-301F-11D3-BF4B-00C04F79EFBC}") = "FlyWheel5", "FlyWheel5\FlyWheel5.csproj", "{802B49B3-C6EA-4331-8B59-C19C0447D7D7}"
EndProject
Project("{FAE04EC0-301F-11D3-BF4B-00C04F79EFBC}") = "FlyWheel7", "FlyWheel7\FlyWheel7.csproj", "{E797B84A-E8E8-42F3-86D8-CC0E72964C85}"
EndProject
Project("{FAE04EC0-301F-11D3-BF4B-00C04F79EFBC}") = "FlyWheel7Business", "FlyWheel7Business\FlyWheel7Business.csproj", "{1C9D4943-726B-4C3F-8683-9F4939942AEF}"
EndProject
Project("{FAE04EC0-301F-11D3-BF4B-00C04F79EFBC}") = "FlyWheel8Business", "FlyWheel8Business\FlyWheel8Business.csproj", "{CA5BC101-181A-4205-B1BF-EA947F9B89F5}"
EndProject
Project("{FAE04EC0-301F-11D3-BF4B-00C04F79EFBC}") = "FlyWheel7Facade", "FlyWheel7Facade\FlyWheel7Facade.csproj", "{DFB0E66A-9F20-43CD-A7ED-C3C520C8BDA2}"
EndProject
Project("{FAE04EC0-301F-11D3-BF4B-00C04F79EFBC}") = "FlyWheel8Facade", "FlyWheel8Facade\FlyWheel8Facade.csproj", "{AD3F0F92-6D95-4386-A243-E160A256BD0C}"
EndProject
Project("{FAE04EC0-301F-11D3-BF4B-00C04F79EFBC}") = "FlyWheel8", "FlyWheel8\FlyWheel8.csproj", "{DB11A01A-CAE4-48EC-86D4-500861C52B3D}"
EndProject
Project("{54435603-DBB4-11D2-8724-00A0C9A8B90C}") = "MotorCheckSetup1", "MotorCheckSetup1\MotorCheckSetup1.vdproj", "{E059961A-F89B-49AB-8E9C-04E2AE3DA137}"
EndProject
Global
	GlobalSection(SolutionConfigurationPlatforms) = preSolution
		Debug|Any CPU = Debug|Any CPU
		Release|Any CPU = Release|Any CPU
	EndGlobalSection
	GlobalSection(ProjectConfigurationPlatforms) = postSolution
		{B1B8CDC4-11AE-4023-850F-D3C49C5B5460}.Debug|Any CPU.ActiveCfg = Debug|Any CPU
		{B1B8CDC4-11AE-4023-850F-D3C49C5B5460}.Debug|Any CPU.Build.0 = Debug|Any CPU
		{B1B8CDC4-11AE-4023-850F-D3C49C5B5460}.Release|Any CPU.ActiveCfg = Release|Any CPU
		{B1B8CDC4-11AE-4023-850F-D3C49C5B5460}.Release|Any CPU.Build.0 = Release|Any CPU
		{AFE1691B-648F-4867-B24C-717245842B8F}.Debug|Any CPU.ActiveCfg = Debug|Any CPU
		{AFE1691B-648F-4867-B24C-717245842B8F}.Debug|Any CPU.Build.0 = Debug|Any CPU
		{AFE1691B-648F-4867-B24C-717245842B8F}.Release|Any CPU.ActiveCfg = Release|Any CPU
		{AFE1691B-648F-4867-B24C-717245842B8F}.Release|Any CPU.Build.0 = Release|Any CPU
		{25880B12-E67E-40B4-B39F-96C1D7B34605}.Debug|Any CPU.ActiveCfg = Debug|Any CPU
		{25880B12-E67E-40B4-B39F-96C1D7B34605}.Debug|Any CPU.Build.0 = Debug|Any CPU
		{25880B12-E67E-40B4-B39F-96C1D7B34605}.Release|Any CPU.ActiveCfg = Release|Any CPU
		{25880B12-E67E-40B4-B39F-96C1D7B34605}.Release|Any CPU.Build.0 = Release|Any CPU
		{BBB72868-4F5C-42BD-9C27-97BA421F4C7E}.Debug|Any CPU.ActiveCfg = Debug|Any CPU
		{BBB72868-4F5C-42BD-9C27-97BA421F4C7E}.Debug|Any CPU.Build.0 = Debug|Any CPU
		{BBB72868-4F5C-42BD-9C27-97BA421F4C7E}.Release|Any CPU.ActiveCfg = Release|Any CPU
		{BBB72868-4F5C-42BD-9C27-97BA421F4C7E}.Release|Any CPU.Build.0 = Release|Any CPU
		{CBC2EA03-6A79-44C7-93ED-1CBB6C948D15}.Debug|Any CPU.ActiveCfg = Debug|Any CPU
		{CBC2EA03-6A79-44C7-93ED-1CBB6C948D15}.Debug|Any CPU.Build.0 = Debug|Any CPU
		{CBC2EA03-6A79-44C7-93ED-1CBB6C948D15}.Release|Any CPU.ActiveCfg = Release|Any CPU
		{CBC2EA03-6A79-44C7-93ED-1CBB6C948D15}.Release|Any CPU.Build.0 = Release|Any CPU
		{920BEE84-EC68-4AB5-9C1A-53A04747B225}.Debug|Any CPU.ActiveCfg = Debug|Any CPU
		{920BEE84-EC68-4AB5-9C1A-53A04747B225}.Debug|Any CPU.Build.0 = Debug|Any CPU
		{920BEE84-EC68-4AB5-9C1A-53A04747B225}.Release|Any CPU.ActiveCfg = Release|Any CPU
		{920BEE84-EC68-4AB5-9C1A-53A04747B225}.Release|Any CPU.Build.0 = Release|Any CPU
		{809AC239-E2BB-46FA-B3E4-00A61E9F9CFF}.Debug|Any CPU.ActiveCfg = Debug|Any CPU
		{809AC239-E2BB-46FA-B3E4-00A61E9F9CFF}.Debug|Any CPU.Build.0 = Debug|Any CPU
		{809AC239-E2BB-46FA-B3E4-00A61E9F9CFF}.Release|Any CPU.ActiveCfg = Release|Any CPU
		{809AC239-E2BB-46FA-B3E4-00A61E9F9CFF}.Release|Any CPU.Build.0 = Release|Any CPU
		{FB52FC3F-9DDA-44A2-A5E7-7AE192327667}.Debug|Any CPU.ActiveCfg = Debug|Any CPU
		{FB52FC3F-9DDA-44A2-A5E7-7AE192327667}.Debug|Any CPU.Build.0 = Debug|Any CPU
		{FB52FC3F-9DDA-44A2-A5E7-7AE192327667}.Release|Any CPU.ActiveCfg = Release|Any CPU
		{FB52FC3F-9DDA-44A2-A5E7-7AE192327667}.Release|Any CPU.Build.0 = Release|Any CPU
		{14B03F90-0975-460A-B7FC-D87F26D4AAFC}.Debug|Any CPU.ActiveCfg = Debug|Any CPU
		{14B03F90-0975-460A-B7FC-D87F26D4AAFC}.Debug|Any CPU.Build.0 = Debug|Any CPU
		{14B03F90-0975-460A-B7FC-D87F26D4AAFC}.Release|Any CPU.ActiveCfg = Release|Any CPU
		{14B03F90-0975-460A-B7FC-D87F26D4AAFC}.Release|Any CPU.Build.0 = Release|Any CPU
		{59F4A2D8-ADA6-4E27-9039-D5C7E64D71F6}.Debug|Any CPU.ActiveCfg = Debug|Any CPU
		{59F4A2D8-ADA6-4E27-9039-D5C7E64D71F6}.Debug|Any CPU.Build.0 = Debug|Any CPU
		{59F4A2D8-ADA6-4E27-9039-D5C7E64D71F6}.Release|Any CPU.ActiveCfg = Release|Any CPU
		{59F4A2D8-ADA6-4E27-9039-D5C7E64D71F6}.Release|Any CPU.Build.0 = Release|Any CPU
		{748E3E0F-767A-4F53-A72E-A644562A46E8}.Debug|Any CPU.ActiveCfg = Debug|Any CPU
		{748E3E0F-767A-4F53-A72E-A644562A46E8}.Debug|Any CPU.Build.0 = Debug|Any CPU
		{748E3E0F-767A-4F53-A72E-A644562A46E8}.Release|Any CPU.ActiveCfg = Release|Any CPU
		{748E3E0F-767A-4F53-A72E-A644562A46E8}.Release|Any CPU.Build.0 = Release|Any CPU
		{6484329B-447E-4FE0-91B2-AC91CF7DD423}.Debug|Any CPU.ActiveCfg = Debug|Any CPU
		{6484329B-447E-4FE0-91B2-AC91CF7DD423}.Debug|Any CPU.Build.0 = Debug|Any CPU
		{6484329B-447E-4FE0-91B2-AC91CF7DD423}.Release|Any CPU.ActiveCfg = Release|Any CPU
		{6484329B-447E-4FE0-91B2-AC91CF7DD423}.Release|Any CPU.Build.0 = Release|Any CPU
		{AEC555B3-40D1-4709-A987-B1DE92EB3D8B}.Debug|Any CPU.ActiveCfg = Debug|Any CPU
		{AEC555B3-40D1-4709-A987-B1DE92EB3D8B}.Debug|Any CPU.Build.0 = Debug|Any CPU
		{AEC555B3-40D1-4709-A987-B1DE92EB3D8B}.Release|Any CPU.ActiveCfg = Release|Any CPU
		{AEC555B3-40D1-4709-A987-B1DE92EB3D8B}.Release|Any CPU.Build.0 = Release|Any CPU
		{52304ECD-5BC4-4AB5-9619-767D448F6571}.Debug|Any CPU.ActiveCfg = Debug|Any CPU
		{52304ECD-5BC4-4AB5-9619-767D448F6571}.Debug|Any CPU.Build.0 = Debug|Any CPU
		{52304ECD-5BC4-4AB5-9619-767D448F6571}.Release|Any CPU.ActiveCfg = Release|Any CPU
		{52304ECD-5BC4-4AB5-9619-767D448F6571}.Release|Any CPU.Build.0 = Release|Any CPU
		{73A1F4F9-C25A-4308-8441-1EE55481A16B}.Debug|Any CPU.ActiveCfg = Debug|Any CPU
		{73A1F4F9-C25A-4308-8441-1EE55481A16B}.Debug|Any CPU.Build.0 = Debug|Any CPU
		{73A1F4F9-C25A-4308-8441-1EE55481A16B}.Release|Any CPU.ActiveCfg = Release|Any CPU
		{73A1F4F9-C25A-4308-8441-1EE55481A16B}.Release|Any CPU.Build.0 = Release|Any CPU
		{ABB1EEAB-5185-41DD-A61C-3C73A5B212BA}.Debug|Any CPU.ActiveCfg = Debug|Any CPU
		{ABB1EEAB-5185-41DD-A61C-3C73A5B212BA}.Debug|Any CPU.Build.0 = Debug|Any CPU
		{ABB1EEAB-5185-41DD-A61C-3C73A5B212BA}.Release|Any CPU.ActiveCfg = Release|Any CPU
		{ABB1EEAB-5185-41DD-A61C-3C73A5B212BA}.Release|Any CPU.Build.0 = Release|Any CPU
		{0DD15694-55DD-443C-BB2A-3D8BE418F3D7}.Debug|Any CPU.ActiveCfg = Debug|Any CPU
		{0DD15694-55DD-443C-BB2A-3D8BE418F3D7}.Debug|Any CPU.Build.0 = Debug|Any CPU
		{0DD15694-55DD-443C-BB2A-3D8BE418F3D7}.Release|Any CPU.ActiveCfg = Release|Any CPU
		{0DD15694-55DD-443C-BB2A-3D8BE418F3D7}.Release|Any CPU.Build.0 = Release|Any CPU
		{8E4F5ACA-EA2C-404F-B9BD-E448B94D5A87}.Debug|Any CPU.ActiveCfg = Debug|Any CPU
		{8E4F5ACA-EA2C-404F-B9BD-E448B94D5A87}.Debug|Any CPU.Build.0 = Debug|Any CPU
		{8E4F5ACA-EA2C-404F-B9BD-E448B94D5A87}.Release|Any CPU.ActiveCfg = Release|Any CPU
		{8E4F5ACA-EA2C-404F-B9BD-E448B94D5A87}.Release|Any CPU.Build.0 = Release|Any CPU
		{EA7584B6-4501-4298-AEFB-F692F94D12AB}.Debug|Any CPU.ActiveCfg = Debug|Any CPU
		{EA7584B6-4501-4298-AEFB-F692F94D12AB}.Debug|Any CPU.Build.0 = Debug|Any CPU
		{EA7584B6-4501-4298-AEFB-F692F94D12AB}.Release|Any CPU.ActiveCfg = Release|Any CPU
		{EA7584B6-4501-4298-AEFB-F692F94D12AB}.Release|Any CPU.Build.0 = Release|Any CPU
		{A4BA82F8-BA14-4EAC-84D8-12777B62D1F5}.Debug|Any CPU.ActiveCfg = Debug|Any CPU
		{A4BA82F8-BA14-4EAC-84D8-12777B62D1F5}.Debug|Any CPU.Build.0 = Debug|Any CPU
		{A4BA82F8-BA14-4EAC-84D8-12777B62D1F5}.Release|Any CPU.ActiveCfg = Release|Any CPU
		{A4BA82F8-BA14-4EAC-84D8-12777B62D1F5}.Release|Any CPU.Build.0 = Release|Any CPU
		{FF13DF04-A7BC-4B59-923B-82CC6C240CDE}.Debug|Any CPU.ActiveCfg = Debug|Any CPU
		{FF13DF04-A7BC-4B59-923B-82CC6C240CDE}.Debug|Any CPU.Build.0 = Debug|Any CPU
		{FF13DF04-A7BC-4B59-923B-82CC6C240CDE}.Release|Any CPU.ActiveCfg = Release|Any CPU
		{FF13DF04-A7BC-4B59-923B-82CC6C240CDE}.Release|Any CPU.Build.0 = Release|Any CPU
		{21F015F4-A6D0-4191-9757-5497B34C4206}.Debug|Any CPU.ActiveCfg = Debug|Any CPU
		{21F015F4-A6D0-4191-9757-5497B34C4206}.Debug|Any CPU.Build.0 = Debug|Any CPU
		{21F015F4-A6D0-4191-9757-5497B34C4206}.Release|Any CPU.ActiveCfg = Release|Any CPU
		{21F015F4-A6D0-4191-9757-5497B34C4206}.Release|Any CPU.Build.0 = Release|Any CPU
		{802B49B3-C6EA-4331-8B59-C19C0447D7D7}.Debug|Any CPU.ActiveCfg = Debug|Any CPU
		{802B49B3-C6EA-4331-8B59-C19C0447D7D7}.Debug|Any CPU.Build.0 = Debug|Any CPU
		{802B49B3-C6EA-4331-8B59-C19C0447D7D7}.Release|Any CPU.ActiveCfg = Release|Any CPU
		{802B49B3-C6EA-4331-8B59-C19C0447D7D7}.Release|Any CPU.Build.0 = Release|Any CPU
		{E797B84A-E8E8-42F3-86D8-CC0E72964C85}.Debug|Any CPU.ActiveCfg = Debug|Any CPU
		{E797B84A-E8E8-42F3-86D8-CC0E72964C85}.Debug|Any CPU.Build.0 = Debug|Any CPU
		{E797B84A-E8E8-42F3-86D8-CC0E72964C85}.Release|Any CPU.ActiveCfg = Release|Any CPU
		{E797B84A-E8E8-42F3-86D8-CC0E72964C85}.Release|Any CPU.Build.0 = Release|Any CPU
		{1C9D4943-726B-4C3F-8683-9F4939942AEF}.Debug|Any CPU.ActiveCfg = Debug|Any CPU
		{1C9D4943-726B-4C3F-8683-9F4939942AEF}.Debug|Any CPU.Build.0 = Debug|Any CPU
		{1C9D4943-726B-4C3F-8683-9F4939942AEF}.Release|Any CPU.ActiveCfg = Release|Any CPU
		{1C9D4943-726B-4C3F-8683-9F4939942AEF}.Release|Any CPU.Build.0 = Release|Any CPU
		{CA5BC101-181A-4205-B1BF-EA947F9B89F5}.Debug|Any CPU.ActiveCfg = Debug|Any CPU
		{CA5BC101-181A-4205-B1BF-EA947F9B89F5}.Debug|Any CPU.Build.0 = Debug|Any CPU
		{CA5BC101-181A-4205-B1BF-EA947F9B89F5}.Release|Any CPU.ActiveCfg = Release|Any CPU
		{CA5BC101-181A-4205-B1BF-EA947F9B89F5}.Release|Any CPU.Build.0 = Release|Any CPU
		{DFB0E66A-9F20-43CD-A7ED-C3C520C8BDA2}.Debug|Any CPU.ActiveCfg = Debug|Any CPU
		{DFB0E66A-9F20-43CD-A7ED-C3C520C8BDA2}.Debug|Any CPU.Build.0 = Debug|Any CPU
		{DFB0E66A-9F20-43CD-A7ED-C3C520C8BDA2}.Release|Any CPU.ActiveCfg = Release|Any CPU
		{DFB0E66A-9F20-43CD-A7ED-C3C520C8BDA2}.Release|Any CPU.Build.0 = Release|Any CPU
		{AD3F0F92-6D95-4386-A243-E160A256BD0C}.Debug|Any CPU.ActiveCfg = Debug|Any CPU
		{AD3F0F92-6D95-4386-A243-E160A256BD0C}.Debug|Any CPU.Build.0 = Debug|Any CPU
		{AD3F0F92-6D95-4386-A243-E160A256BD0C}.Release|Any CPU.ActiveCfg = Release|Any CPU
		{AD3F0F92-6D95-4386-A243-E160A256BD0C}.Release|Any CPU.Build.0 = Release|Any CPU
		{DB11A01A-CAE4-48EC-86D4-500861C52B3D}.Debug|Any CPU.ActiveCfg = Debug|Any CPU
		{DB11A01A-CAE4-48EC-86D4-500861C52B3D}.Debug|Any CPU.Build.0 = Debug|Any CPU
		{DB11A01A-CAE4-48EC-86D4-500861C52B3D}.Release|Any CPU.ActiveCfg = Release|Any CPU
		{DB11A01A-CAE4-48EC-86D4-500861C52B3D}.Release|Any CPU.Build.0 = Release|Any CPU
		{E059961A-F89B-49AB-8E9C-04E2AE3DA137}.Debug|Any CPU.ActiveCfg = Debug
		{E059961A-F89B-49AB-8E9C-04E2AE3DA137}.Release|Any CPU.ActiveCfg = Release
	EndGlobalSection
	GlobalSection(SolutionProperties) = preSolution
		HideSolutionNode = FALSE
	EndGlobalSection
	GlobalSection(NestedProjects) = preSolution
		{B1B8CDC4-11AE-4023-850F-D3C49C5B5460} = {46CBEF55-ADC4-43A9-9D3C-2D33CB344B1D}
		{809AC239-E2BB-46FA-B3E4-00A61E9F9CFF} = {46CBEF55-ADC4-43A9-9D3C-2D33CB344B1D}
		{748E3E0F-767A-4F53-A72E-A644562A46E8} = {46CBEF55-ADC4-43A9-9D3C-2D33CB344B1D}
		{6484329B-447E-4FE0-91B2-AC91CF7DD423} = {46CBEF55-ADC4-43A9-9D3C-2D33CB344B1D}
		{AEC555B3-40D1-4709-A987-B1DE92EB3D8B} = {46CBEF55-ADC4-43A9-9D3C-2D33CB344B1D}
		{52304ECD-5BC4-4AB5-9619-767D448F6571} = {46CBEF55-ADC4-43A9-9D3C-2D33CB344B1D}
		{FF13DF04-A7BC-4B59-923B-82CC6C240CDE} = {46CBEF55-ADC4-43A9-9D3C-2D33CB344B1D}
		{1C9D4943-726B-4C3F-8683-9F4939942AEF} = {46CBEF55-ADC4-43A9-9D3C-2D33CB344B1D}
		{CA5BC101-181A-4205-B1BF-EA947F9B89F5} = {46CBEF55-ADC4-43A9-9D3C-2D33CB344B1D}
		{25880B12-E67E-40B4-B39F-96C1D7B34605} = {5DB8479E-62C7-41C2-9A32-60504C14A05A}
		{FB52FC3F-9DDA-44A2-A5E7-7AE192327667} = {5DB8479E-62C7-41C2-9A32-60504C14A05A}
		{59F4A2D8-ADA6-4E27-9039-D5C7E64D71F6} = {5DB8479E-62C7-41C2-9A32-60504C14A05A}
		{73A1F4F9-C25A-4308-8441-1EE55481A16B} = {5DB8479E-62C7-41C2-9A32-60504C14A05A}
		{ABB1EEAB-5185-41DD-A61C-3C73A5B212BA} = {5DB8479E-62C7-41C2-9A32-60504C14A05A}
		{0DD15694-55DD-443C-BB2A-3D8BE418F3D7} = {5DB8479E-62C7-41C2-9A32-60504C14A05A}
		{21F015F4-A6D0-4191-9757-5497B34C4206} = {5DB8479E-62C7-41C2-9A32-60504C14A05A}
		{DFB0E66A-9F20-43CD-A7ED-C3C520C8BDA2} = {5DB8479E-62C7-41C2-9A32-60504C14A05A}
		{AD3F0F92-6D95-4386-A243-E160A256BD0C} = {5DB8479E-62C7-41C2-9A32-60504C14A05A}
		{BBB72868-4F5C-42BD-9C27-97BA421F4C7E} = {DE607901-F5A5-47AB-90E8-27348BEC93FF}
		{CBC2EA03-6A79-44C7-93ED-1CBB6C948D15} = {DE607901-F5A5-47AB-90E8-27348BEC93FF}
		{920BEE84-EC68-4AB5-9C1A-53A04747B225} = {DE607901-F5A5-47AB-90E8-27348BEC93FF}
		{14B03F90-0975-460A-B7FC-D87F26D4AAFC} = {DE607901-F5A5-47AB-90E8-27348BEC93FF}
		{8E4F5ACA-EA2C-404F-B9BD-E448B94D5A87} = {DE607901-F5A5-47AB-90E8-27348BEC93FF}
		{EA7584B6-4501-4298-AEFB-F692F94D12AB} = {DE607901-F5A5-47AB-90E8-27348BEC93FF}
		{A4BA82F8-BA14-4EAC-84D8-12777B62D1F5} = {DE607901-F5A5-47AB-90E8-27348BEC93FF}
		{802B49B3-C6EA-4331-8B59-C19C0447D7D7} = {DE607901-F5A5-47AB-90E8-27348BEC93FF}
		{E797B84A-E8E8-42F3-86D8-CC0E72964C85} = {DE607901-F5A5-47AB-90E8-27348BEC93FF}
		{DB11A01A-CAE4-48EC-86D4-500861C52B3D} = {DE607901-F5A5-47AB-90E8-27348BEC93FF}
	EndGlobalSection
EndGlobal
